
Microsoft Visual Studio Solution File, Format Version 12.00
# Visual Studio 15
VisualStudioVersion = 15.0.27428.2027
MinimumVisualStudioVersion = 10.0.40219.1
Project("{9A19103F-16F7-4668-BE54-9A1E7A4F7556}") = "MyFinance", "MyFinance\MyFinance.csproj", "{3960455A-BBF2-4447-8551-78023A4CD457}"
EndProject
Project("{FAE04EC0-301F-11D3-BF4B-00C04F79EFBC}") = "ProjetoTeste", "ProjetoTeste\ProjetoTeste.csproj", "{6B88651E-6C7F-411F-A8BF-0679659776F2}"
EndProject
Global
	GlobalSection(SolutionConfigurationPlatforms) = preSolution
		Debug|Any CPU = Debug|Any CPU
		Release|Any CPU = Release|Any CPU
	EndGlobalSection
	GlobalSection(ProjectConfigurationPlatforms) = postSolution
		{3960455A-BBF2-4447-8551-78023A4CD457}.Debug|Any CPU.ActiveCfg = Debug|Any CPU
		{3960455A-BBF2-4447-8551-78023A4CD457}.Debug|Any CPU.Build.0 = Debug|Any CPU
		{3960455A-BBF2-4447-8551-78023A4CD457}.Release|Any CPU.ActiveCfg = Release|Any CPU
		{3960455A-BBF2-4447-8551-78023A4CD457}.Release|Any CPU.Build.0 = Release|Any CPU
		{6B88651E-6C7F-411F-A8BF-0679659776F2}.Debug|Any CPU.ActiveCfg = Debug|Any CPU
		{6B88651E-6C7F-411F-A8BF-0679659776F2}.Debug|Any CPU.Build.0 = Debug|Any CPU
		{6B88651E-6C7F-411F-A8BF-0679659776F2}.Release|Any CPU.ActiveCfg = Release|Any CPU
		{6B88651E-6C7F-411F-A8BF-0679659776F2}.Release|Any CPU.Build.0 = Release|Any CPU
	EndGlobalSection
	GlobalSection(SolutionProperties) = preSolution
		HideSolutionNode = FALSE
	EndGlobalSection
	GlobalSection(ExtensibilityGlobals) = postSolution
		SolutionGuid = {EDDAE705-7C69-4773-A2D8-93D578D1429C}
	EndGlobalSection
EndGlobal
